
Microsoft Visual Studio Solution File, Format Version 12.00
# Visual Studio Version 16
VisualStudioVersion = 16.0.31019.35
MinimumVisualStudioVersion = 10.0.40219.1
Project("{FAE04EC0-301F-11D3-BF4B-00C04F79EFBC}") = "FactoryPatternExample", "FactoryPatternExample\FactoryPatternExample.csproj", "{DA7D62C0-A444-4903-A915-A354523BB089}"
EndProject
Global
	GlobalSection(SolutionConfigurationPlatforms) = preSolution
		Debug|Any CPU = Debug|Any CPU
		Release|Any CPU = Release|Any CPU
	EndGlobalSection
	GlobalSection(ProjectConfigurationPlatforms) = postSolution
		{DA7D62C0-A444-4903-A915-A354523BB089}.Debug|Any CPU.ActiveCfg = Debug|Any CPU
		{DA7D62C0-A444-4903-A915-A354523BB089}.Debug|Any CPU.Build.0 = Debug|Any CPU
		{DA7D62C0-A444-4903-A915-A354523BB089}.Release|Any CPU.ActiveCfg = Release|Any CPU
		{DA7D62C0-A444-4903-A915-A354523BB089}.Release|Any CPU.Build.0 = Release|Any CPU
	EndGlobalSection
	GlobalSection(SolutionProperties) = preSolution
		HideSolutionNode = FALSE
	EndGlobalSection
	GlobalSection(ExtensibilityGlobals) = postSolution
		SolutionGuid = {1C2349E4-CFA8-4D08-A589-5F13DF6437F0}
	EndGlobalSection
EndGlobal
